// !$*UTF8*$!
{
	archiveVersion = 1;
	classes = {
	};
	objectVersion = 56;
	objects = {

/* Begin PBXBuildFile section */
		200000000000000000000001 /* main.swift in Sources */ = {isa = PBXBuildFile; fileRef = 100000000000000000000001 /* main.swift */; };
		200000000000000000000002 /* AppDelegate.swift in Sources */ = {isa = PBXBuildFile; fileRef = 100000000000000000000002 /* AppDelegate.swift */; };
		200000000000000000000003 /* StatusMenuController.swift in Sources */ = {isa = PBXBuildFile; fileRef = 100000000000000000000003 /* StatusMenuController.swift */; };
		200000000000000000000004 /* PermissionController.swift in Sources */ = {isa = PBXBuildFile; fileRef = 100000000000000000000004 /* PermissionController.swift */; };
		200000000000000000000005 /* HotKeyController.swift in Sources */ = {isa = PBXBuildFile; fileRef = 100000000000000000000005 /* HotKeyController.swift */; };
		200000000000000000000006 /* AudioCaptureController.swift in Sources */ = {isa = PBXBuildFile; fileRef = 100000000000000000000006 /* AudioCaptureController.swift */; };
		200000000000000000000007 /* SpeechTranscriber.swift in Sources */ = {isa = PBXBuildFile; fileRef = 100000000000000000000007 /* SpeechTranscriber.swift */; };
		200000000000000000000008 /* ReminderIntentParser.swift in Sources */ = {isa = PBXBuildFile; fileRef = 100000000000000000000008 /* ReminderIntentParser.swift */; };
		200000000000000000000009 /* Reminder.swift in Sources */ = {isa = PBXBuildFile; fileRef = 100000000000000000000009 /* Reminder.swift */; };
		20000000000000000000000A /* ReminderStore.swift in Sources */ = {isa = PBXBuildFile; fileRef = 10000000000000000000000A /* ReminderStore.swift */; };
		20000000000000000000000B /* ReminderScheduler.swift in Sources */ = {isa = PBXBuildFile; fileRef = 10000000000000000000000B /* ReminderScheduler.swift */; };
		20000000000000000000000C /* ModelCatalog.swift in Sources */ = {isa = PBXBuildFile; fileRef = 10000000000000000000000C /* ModelCatalog.swift */; };
		20000000000000000000000D /* ModelBootstrapper.swift in Sources */ = {isa = PBXBuildFile; fileRef = 10000000000000000000000D /* ModelBootstrapper.swift */; };
		20000000000000000000000E /* ListeningOverlayController.swift in Sources */ = {isa = PBXBuildFile; fileRef = 10000000000000000000000E /* ListeningOverlayController.swift */; };
		20000000000000000000000F /* AuroraPillView.swift in Sources */ = {isa = PBXBuildFile; fileRef = 10000000000000000000000F /* AuroraPillView.swift */; };
		200000000000000000000010 /* AudioWaveView.swift in Sources */ = {isa = PBXBuildFile; fileRef = 100000000000000000000010 /* AudioWaveView.swift */; };
		200000000000000000000011 /* ReminderIntentParserTests.swift in Sources */ = {isa = PBXBuildFile; fileRef = 100000000000000000000014 /* ReminderIntentParserTests.swift */; };
/* End PBXBuildFile section */

/* Begin PBXContainerItemProxy section */
		210000000000000000000001 /* PBXContainerItemProxy */ = {
			isa = PBXContainerItemProxy;
			containerPortal = 700000000000000000000001 /* Project object */;
			proxyType = 1;
			remoteGlobalIDString = 500000000000000000000001;
			remoteInfo = ZenReminder;
		};
/* End PBXContainerItemProxy section */

/* Begin PBXFileReference section */
		100000000000000000000001 /* main.swift */ = {isa = PBXFileReference; lastKnownFileType = sourcecode.swift; path = main.swift; sourceTree = "<group>"; };
		100000000000000000000002 /* AppDelegate.swift */ = {isa = PBXFileReference; lastKnownFileType = sourcecode.swift; path = AppDelegate.swift; sourceTree = "<group>"; };
		100000000000000000000003 /* StatusMenuController.swift */ = {isa = PBXFileReference; lastKnownFileType = sourcecode.swift; path = StatusMenuController.swift; sourceTree = "<group>"; };
		100000000000000000000004 /* PermissionController.swift */ = {isa = PBXFileReference; lastKnownFileType = sourcecode.swift; path = PermissionController.swift; sourceTree = "<group>"; };
		100000000000000000000005 /* HotKeyController.swift */ = {isa = PBXFileReference; lastKnownFileType = sourcecode.swift; path = HotKey/HotKeyController.swift; sourceTree = "<group>"; };
		100000000000000000000006 /* AudioCaptureController.swift */ = {isa = PBXFileReference; lastKnownFileType = sourcecode.swift; path = Audio/AudioCaptureController.swift; sourceTree = "<group>"; };
		100000000000000000000007 /* SpeechTranscriber.swift */ = {isa = PBXFileReference; lastKnownFileType = sourcecode.swift; path = SpeechTranscriber.swift; sourceTree = "<group>"; };
		100000000000000000000008 /* ReminderIntentParser.swift */ = {isa = PBXFileReference; lastKnownFileType = sourcecode.swift; path = Intent/ReminderIntentParser.swift; sourceTree = "<group>"; };
		100000000000000000000009 /* Reminder.swift */ = {isa = PBXFileReference; lastKnownFileType = sourcecode.swift; path = Reminder/Reminder.swift; sourceTree = "<group>"; };
		10000000000000000000000A /* ReminderStore.swift */ = {isa = PBXFileReference; lastKnownFileType = sourcecode.swift; path = Reminder/ReminderStore.swift; sourceTree = "<group>"; };
		10000000000000000000000B /* ReminderScheduler.swift */ = {isa = PBXFileReference; lastKnownFileType = sourcecode.swift; path = Reminder/ReminderScheduler.swift; sourceTree = "<group>"; };
		10000000000000000000000C /* ModelCatalog.swift */ = {isa = PBXFileReference; lastKnownFileType = sourcecode.swift; path = Models/ModelCatalog.swift; sourceTree = "<group>"; };
		10000000000000000000000D /* ModelBootstrapper.swift */ = {isa = PBXFileReference; lastKnownFileType = sourcecode.swift; path = Models/ModelBootstrapper.swift; sourceTree = "<group>"; };
		10000000000000000000000E /* ListeningOverlayController.swift */ = {isa = PBXFileReference; lastKnownFileType = sourcecode.swift; path = Overlay/ListeningOverlayController.swift; sourceTree = "<group>"; };
		10000000000000000000000F /* AuroraPillView.swift */ = {isa = PBXFileReference; lastKnownFileType = sourcecode.swift; path = Overlay/AuroraPillView.swift; sourceTree = "<group>"; };
		100000000000000000000010 /* AudioWaveView.swift */ = {isa = PBXFileReference; lastKnownFileType = sourcecode.swift; path = Overlay/AudioWaveView.swift; sourceTree = "<group>"; };
		100000000000000000000011 /* Info.plist */ = {isa = PBXFileReference; lastKnownFileType = text.plist.xml; path = Info.plist; sourceTree = "<group>"; };
		100000000000000000000012 /* ZenReminder.entitlements */ = {isa = PBXFileReference; lastKnownFileType = text.plist.entitlements; path = ZenReminder.entitlements; sourceTree = "<group>"; };
		100000000000000000000013 /* ZenReminder.app */ = {isa = PBXFileReference; explicitFileType = wrapper.application; includeInIndex = 0; path = ZenReminder.app; sourceTree = BUILT_PRODUCTS_DIR; };
		100000000000000000000014 /* ReminderIntentParserTests.swift */ = {isa = PBXFileReference; lastKnownFileType = sourcecode.swift; path = ReminderIntentParserTests.swift; sourceTree = "<group>"; };
		100000000000000000000015 /* ZenReminderTests.xctest */ = {isa = PBXFileReference; explicitFileType = wrapper.cfbundle; includeInIndex = 0; path = ZenReminderTests.xctest; sourceTree = BUILT_PRODUCTS_DIR; };
/* End PBXFileReference section */

/* Begin PBXFrameworksBuildPhase section */
		300000000000000000000001 /* Frameworks */ = {
			isa = PBXFrameworksBuildPhase;
			buildActionMask = 2147483647;
			files = (
			);
			runOnlyForDeploymentPostprocessing = 0;
		};
		300000000000000000000002 /* Frameworks */ = {
			isa = PBXFrameworksBuildPhase;
			buildActionMask = 2147483647;
			files = (
			);
			runOnlyForDeploymentPostprocessing = 0;
		};
/* End PBXFrameworksBuildPhase section */

/* Begin PBXGroup section */
		400000000000000000000001 = {
			isa = PBXGroup;
			children = (
				400000000000000000000002 /* ZenReminder */,
				400000000000000000000004 /* ZenReminderTests */,
				400000000000000000000003 /* Products */,
			);
			sourceTree = "<group>";
		};
		400000000000000000000002 /* ZenReminder */ = {
			isa = PBXGroup;
			children = (
				100000000000000000000001 /* main.swift */,
				100000000000000000000002 /* AppDelegate.swift */,
				100000000000000000000003 /* StatusMenuController.swift */,
				100000000000000000000004 /* PermissionController.swift */,
				100000000000000000000005 /* HotKeyController.swift */,
				100000000000000000000006 /* AudioCaptureController.swift */,
				100000000000000000000007 /* SpeechTranscriber.swift */,
				100000000000000000000008 /* ReminderIntentParser.swift */,
				100000000000000000000009 /* Reminder.swift */,
				10000000000000000000000A /* ReminderStore.swift */,
				10000000000000000000000B /* ReminderScheduler.swift */,
				10000000000000000000000C /* ModelCatalog.swift */,
				10000000000000000000000D /* ModelBootstrapper.swift */,
				10000000000000000000000E /* ListeningOverlayController.swift */,
				10000000000000000000000F /* AuroraPillView.swift */,
				100000000000000000000010 /* AudioWaveView.swift */,
				100000000000000000000011 /* Info.plist */,
				100000000000000000000012 /* ZenReminder.entitlements */,
			);
			path = ZenReminder;
			sourceTree = "<group>";
		};
		400000000000000000000003 /* Products */ = {
			isa = PBXGroup;
			children = (
				100000000000000000000013 /* ZenReminder.app */,
				100000000000000000000015 /* ZenReminderTests.xctest */,
			);
			name = Products;
			sourceTree = "<group>";
		};
		400000000000000000000004 /* ZenReminderTests */ = {
			isa = PBXGroup;
			children = (
				100000000000000000000014 /* ReminderIntentParserTests.swift */,
			);
			path = ZenReminderTests;
			sourceTree = "<group>";
		};
/* End PBXGroup section */

/* Begin PBXNativeTarget section */
		500000000000000000000001 /* ZenReminder */ = {
			isa = PBXNativeTarget;
			buildConfigurationList = 800000000000000000000002 /* Build configuration list for PBXNativeTarget "ZenReminder" */;
			buildPhases = (
				600000000000000000000001 /* Sources */,
				300000000000000000000001 /* Frameworks */,
			);
			buildRules = (
			);
			dependencies = (
			);
			name = ZenReminder;
			productName = ZenReminder;
			productReference = 100000000000000000000013 /* ZenReminder.app */;
			productType = "com.apple.product-type.application";
		};
		500000000000000000000002 /* ZenReminderTests */ = {
			isa = PBXNativeTarget;
			buildConfigurationList = 800000000000000000000003 /* Build configuration list for PBXNativeTarget "ZenReminderTests" */;
			buildPhases = (
				600000000000000000000002 /* Sources */,
				300000000000000000000002 /* Frameworks */,
			);
			buildRules = (
			);
			dependencies = (
				220000000000000000000001 /* PBXTargetDependency */,
			);
			name = ZenReminderTests;
			productName = ZenReminderTests;
			productReference = 100000000000000000000015 /* ZenReminderTests.xctest */;
			productType = "com.apple.product-type.bundle.unit-test";
		};
/* End PBXNativeTarget section */

/* Begin PBXProject section */
		700000000000000000000001 /* Project object */ = {
			isa = PBXProject;
			attributes = {
				BuildIndependentTargetsInParallel = 1;
				LastSwiftUpdateCheck = 1500;
				LastUpgradeCheck = 1500;
				TargetAttributes = {
					500000000000000000000001 = {
						CreatedOnToolsVersion = 15.0;
					};
					500000000000000000000002 = {
						CreatedOnToolsVersion = 15.0;
						TestTargetID = 500000000000000000000001;
					};
				};
			};
			buildConfigurationList = 800000000000000000000001 /* Build configuration list for PBXProject "ZenReminder" */;
			compatibilityVersion = "Xcode 14.0";
			developmentRegion = en;
			hasScannedForEncodings = 0;
			knownRegions = (
				en,
				Base,
			);
			mainGroup = 400000000000000000000001;
			productRefGroup = 400000000000000000000003 /* Products */;
			projectDirPath = "";
			projectRoot = "";
			targets = (
				500000000000000000000001 /* ZenReminder */,
				500000000000000000000002 /* ZenReminderTests */,
			);
		};
/* End PBXProject section */

/* Begin PBXSourcesBuildPhase section */
		600000000000000000000001 /* Sources */ = {
			isa = PBXSourcesBuildPhase;
			buildActionMask = 2147483647;
			files = (
				200000000000000000000001 /* main.swift in Sources */,
				200000000000000000000002 /* AppDelegate.swift in Sources */,
				200000000000000000000003 /* StatusMenuController.swift in Sources */,
				200000000000000000000004 /* PermissionController.swift in Sources */,
				200000000000000000000005 /* HotKeyController.swift in Sources */,
				200000000000000000000006 /* AudioCaptureController.swift in Sources */,
				200000000000000000000007 /* SpeechTranscriber.swift in Sources */,
				200000000000000000000008 /* ReminderIntentParser.swift in Sources */,
				200000000000000000000009 /* Reminder.swift in Sources */,
				20000000000000000000000A /* ReminderStore.swift in Sources */,
				20000000000000000000000B /* ReminderScheduler.swift in Sources */,
				20000000000000000000000C /* ModelCatalog.swift in Sources */,
				20000000000000000000000D /* ModelBootstrapper.swift in Sources */,
				20000000000000000000000E /* ListeningOverlayController.swift in Sources */,
				20000000000000000000000F /* AuroraPillView.swift in Sources */,
				200000000000000000000010 /* AudioWaveView.swift in Sources */,
			);
			runOnlyForDeploymentPostprocessing = 0;
		};
		600000000000000000000002 /* Sources */ = {
			isa = PBXSourcesBuildPhase;
			buildActionMask = 2147483647;
			files = (
				200000000000000000000011 /* ReminderIntentParserTests.swift in Sources */,
			);
			runOnlyForDeploymentPostprocessing = 0;
		};
/* End PBXSourcesBuildPhase section */

/* Begin PBXTargetDependency section */
		220000000000000000000001 /* PBXTargetDependency */ = {
			isa = PBXTargetDependency;
			target = 500000000000000000000001 /* ZenReminder */;
			targetProxy = 210000000000000000000001 /* PBXContainerItemProxy */;
		};
/* End PBXTargetDependency section */

/* Begin XCBuildConfiguration section */
		900000000000000000000001 /* Debug */ = {
			isa = XCBuildConfiguration;
			buildSettings = {
				ALWAYS_SEARCH_USER_PATHS = NO;
				CLANG_ANALYZER_NONNULL = YES;
				CLANG_ANALYZER_NUMBER_OBJECT_CONVERSION = YES_AGGRESSIVE;
				CLANG_CXX_LANGUAGE_STANDARD = "gnu++20";
				CLANG_ENABLE_MODULES = YES;
				CLANG_ENABLE_OBJC_ARC = YES;
				CLANG_ENABLE_OBJC_WEAK = YES;
				CLANG_WARN_BLOCK_CAPTURE_AUTORELEASING = YES;
				CLANG_WARN_BOOL_CONVERSION = YES;
				CLANG_WARN_COMMA = YES;
				CLANG_WARN_CONSTANT_CONVERSION = YES;
				CLANG_WARN_DEPRECATED_OBJC_IMPLEMENTATIONS = YES;
				CLANG_WARN_DIRECT_OBJC_ISA_USAGE = YES_ERROR;
				CLANG_WARN_DOCUMENTATION_COMMENTS = YES;
				CLANG_WARN_EMPTY_BODY = YES;
				CLANG_WARN_ENUM_CONVERSION = YES;
				CLANG_WARN_INFINITE_RECURSION = YES;
				CLANG_WARN_INT_CONVERSION = YES;
				CLANG_WARN_NON_LITERAL_NULL_CONVERSION = YES;
				CLANG_WARN_OBJC_IMPLICIT_RETAIN_SELF = YES;
				CLANG_WARN_OBJC_LITERAL_CONVERSION = YES;
				CLANG_WARN_OBJC_ROOT_CLASS = YES_ERROR;
				CLANG_WARN_QUOTED_INCLUDE_IN_FRAMEWORK_HEADER = YES;
				CLANG_WARN_RANGE_LOOP_ANALYSIS = YES;
				CLANG_WARN_STRICT_PROTOTYPES = YES;
				CLANG_WARN_SUSPICIOUS_MOVE = YES;
				CLANG_WARN_UNGUARDED_AVAILABILITY = YES_AGGRESSIVE;
				CLANG_WARN_UNREACHABLE_CODE = YES;
				CLANG_WARN__DUPLICATE_METHOD_MATCH = YES;
				COPY_PHASE_STRIP = NO;
				DEBUG_INFORMATION_FORMAT = dwarf;
				ENABLE_STRICT_OBJC_MSGSEND = YES;
				ENABLE_TESTABILITY = YES;
				ENABLE_USER_SCRIPT_SANDBOXING = YES;
				GCC_C_LANGUAGE_STANDARD = gnu17;
				GCC_DYNAMIC_NO_PIC = NO;
				GCC_NO_COMMON_BLOCKS = YES;
				GCC_OPTIMIZATION_LEVEL = 0;
				GCC_PREPROCESSOR_DEFINITIONS = (
					"DEBUG=1",
					"$(inherited)",
				);
				GCC_WARN_64_TO_32_BIT_CONVERSION = YES;
				GCC_WARN_ABOUT_RETURN_TYPE = YES_ERROR;
				GCC_WARN_UNDECLARED_SELECTOR = YES;
				GCC_WARN_UNINITIALIZED_AUTOS = YES_AGGRESSIVE;
				GCC_WARN_UNUSED_FUNCTION = YES;
				GCC_WARN_UNUSED_VARIABLE = YES;
				MACOSX_DEPLOYMENT_TARGET = 14.0;
				MTL_ENABLE_DEBUG_INFO = INCLUDE_SOURCE;
				MTL_FAST_MATH = YES;
				ONLY_ACTIVE_ARCH = YES;
				SDKROOT = macosx;
				SWIFT_ACTIVE_COMPILATION_CONDITIONS = DEBUG;
				SWIFT_OPTIMIZATION_LEVEL = "-Onone";
			};
			name = Debug;
		};
		900000000000000000000002 /* Release */ = {
			isa = XCBuildConfiguration;
			buildSettings = {
				ALWAYS_SEARCH_USER_PATHS = NO;
				CLANG_ANALYZER_NONNULL = YES;
				CLANG_ANALYZER_NUMBER_OBJECT_CONVERSION = YES_AGGRESSIVE;
				CLANG_CXX_LANGUAGE_STANDARD = "gnu++20";
				CLANG_ENABLE_MODULES = YES;
				CLANG_ENABLE_OBJC_ARC = YES;
				CLANG_ENABLE_OBJC_WEAK = YES;
				CLANG_WARN_BLOCK_CAPTURE_AUTORELEASING = YES;
				CLANG_WARN_BOOL_CONVERSION = YES;
				CLANG_WARN_COMMA = YES;
				CLANG_WARN_CONSTANT_CONVERSION = YES;
				CLANG_WARN_DEPRECATED_OBJC_IMPLEMENTATIONS = YES;
				CLANG_WARN_DIRECT_OBJC_ISA_USAGE = YES_ERROR;
				CLANG_WARN_DOCUMENTATION_COMMENTS = YES;
				CLANG_WARN_EMPTY_BODY = YES;
				CLANG_WARN_ENUM_CONVERSION = YES;
				CLANG_WARN_INFINITE_RECURSION = YES;
				CLANG_WARN_INT_CONVERSION = YES;
				CLANG_WARN_NON_LITERAL_NULL_CONVERSION = YES;
				CLANG_WARN_OBJC_IMPLICIT_RETAIN_SELF = YES;
				CLANG_WARN_OBJC_LITERAL_CONVERSION = YES;
				CLANG_WARN_OBJC_ROOT_CLASS = YES_ERROR;
				CLANG_WARN_QUOTED_INCLUDE_IN_FRAMEWORK_HEADER = YES;
				CLANG_WARN_RANGE_LOOP_ANALYSIS = YES;
				CLANG_WARN_STRICT_PROTOTYPES = YES;
				CLANG_WARN_SUSPICIOUS_MOVE = YES;
				CLANG_WARN_UNGUARDED_AVAILABILITY = YES_AGGRESSIVE;
				CLANG_WARN_UNREACHABLE_CODE = YES;
				CLANG_WARN__DUPLICATE_METHOD_MATCH = YES;
				COPY_PHASE_STRIP = NO;
				DEBUG_INFORMATION_FORMAT = "dwarf-with-dsym";
				ENABLE_NS_ASSERTIONS = NO;
				ENABLE_STRICT_OBJC_MSGSEND = YES;
				ENABLE_USER_SCRIPT_SANDBOXING = YES;
				GCC_C_LANGUAGE_STANDARD = gnu17;
				GCC_NO_COMMON_BLOCKS = YES;
				GCC_WARN_64_TO_32_BIT_CONVERSION = YES;
				GCC_WARN_ABOUT_RETURN_TYPE = YES_ERROR;
				GCC_WARN_UNDECLARED_SELECTOR = YES;
				GCC_WARN_UNINITIALIZED_AUTOS = YES_AGGRESSIVE;
				GCC_WARN_UNUSED_FUNCTION = YES;
				GCC_WARN_UNUSED_VARIABLE = YES;
				MACOSX_DEPLOYMENT_TARGET = 14.0;
				MTL_ENABLE_DEBUG_INFO = NO;
				MTL_FAST_MATH = YES;
				SDKROOT = macosx;
				SWIFT_COMPILATION_MODE = wholemodule;
				SWIFT_OPTIMIZATION_LEVEL = "-O";
			};
			name = Release;
		};
		900000000000000000000003 /* Debug */ = {
			isa = XCBuildConfiguration;
			buildSettings = {
				ASSETCATALOG_COMPILER_APPICON_NAME = "";
				CODE_SIGN_ENTITLEMENTS = ZenReminder/ZenReminder.entitlements;
				CODE_SIGN_STYLE = Automatic;
				CURRENT_PROJECT_VERSION = 1;
				DEVELOPMENT_TEAM = "";
				ENABLE_HARDENED_RUNTIME = YES;
				GENERATE_INFOPLIST_FILE = NO;
				INFOPLIST_FILE = ZenReminder/Info.plist;
				LD_RUNPATH_SEARCH_PATHS = (
					"$(inherited)",
					"@executable_path/../Frameworks",
				);
				MACOSX_DEPLOYMENT_TARGET = 14.0;
				MARKETING_VERSION = 0.1.0;
				PRODUCT_BUNDLE_IDENTIFIER = com.stylessh.ZenReminder;
				PRODUCT_NAME = "$(TARGET_NAME)";
				SWIFT_EMIT_LOC_STRINGS = YES;
				SWIFT_VERSION = 5.9;
			};
			name = Debug;
		};
		900000000000000000000004 /* Release */ = {
			isa = XCBuildConfiguration;
			buildSettings = {
				ASSETCATALOG_COMPILER_APPICON_NAME = "";
				CODE_SIGN_ENTITLEMENTS = ZenReminder/ZenReminder.entitlements;
				CODE_SIGN_STYLE = Automatic;
				CURRENT_PROJECT_VERSION = 1;
				DEVELOPMENT_TEAM = "";
				ENABLE_HARDENED_RUNTIME = YES;
				GENERATE_INFOPLIST_FILE = NO;
				INFOPLIST_FILE = ZenReminder/Info.plist;
				LD_RUNPATH_SEARCH_PATHS = (
					"$(inherited)",
					"@executable_path/../Frameworks",
				);
				MACOSX_DEPLOYMENT_TARGET = 14.0;
				MARKETING_VERSION = 0.1.0;
				PRODUCT_BUNDLE_IDENTIFIER = com.stylessh.ZenReminder;
				PRODUCT_NAME = "$(TARGET_NAME)";
				SWIFT_EMIT_LOC_STRINGS = YES;
				SWIFT_VERSION = 5.9;
			};
			name = Release;
		};
		900000000000000000000005 /* Debug */ = {
			isa = XCBuildConfiguration;
			buildSettings = {
				BUNDLE_LOADER = "$(TEST_HOST)";
				CODE_SIGN_STYLE = Automatic;
				GENERATE_INFOPLIST_FILE = YES;
				MACOSX_DEPLOYMENT_TARGET = 14.0;
				PRODUCT_BUNDLE_IDENTIFIER = com.stylessh.ZenReminderTests;
				PRODUCT_NAME = "$(TARGET_NAME)";
				SWIFT_VERSION = 5.9;
				TEST_HOST = "$(BUILT_PRODUCTS_DIR)/ZenReminder.app/$(BUNDLE_EXECUTABLE_FOLDER_PATH)/ZenReminder";
			};
			name = Debug;
		};
		900000000000000000000006 /* Release */ = {
			isa = XCBuildConfiguration;
			buildSettings = {
				BUNDLE_LOADER = "$(TEST_HOST)";
				CODE_SIGN_STYLE = Automatic;
				GENERATE_INFOPLIST_FILE = YES;
				MACOSX_DEPLOYMENT_TARGET = 14.0;
				PRODUCT_BUNDLE_IDENTIFIER = com.stylessh.ZenReminderTests;
				PRODUCT_NAME = "$(TARGET_NAME)";
				SWIFT_VERSION = 5.9;
				TEST_HOST = "$(BUILT_PRODUCTS_DIR)/ZenReminder.app/$(BUNDLE_EXECUTABLE_FOLDER_PATH)/ZenReminder";
			};
			name = Release;
		};
/* End XCBuildConfiguration section */

/* Begin XCConfigurationList section */
		800000000000000000000001 /* Build configuration list for PBXProject "ZenReminder" */ = {
			isa = XCConfigurationList;
			buildConfigurations = (
				900000000000000000000001 /* Debug */,
				900000000000000000000002 /* Release */,
			);
			defaultConfigurationIsVisible = 0;
			defaultConfigurationName = Release;
		};
		800000000000000000000002 /* Build configuration list for PBXNativeTarget "ZenReminder" */ = {
			isa = XCConfigurationList;
			buildConfigurations = (
				900000000000000000000003 /* Debug */,
				900000000000000000000004 /* Release */,
			);
			defaultConfigurationIsVisible = 0;
			defaultConfigurationName = Release;
		};
		800000000000000000000003 /* Build configuration list for PBXNativeTarget "ZenReminderTests" */ = {
			isa = XCConfigurationList;
			buildConfigurations = (
				900000000000000000000005 /* Debug */,
				900000000000000000000006 /* Release */,
			);
			defaultConfigurationIsVisible = 0;
			defaultConfigurationName = Release;
		};
/* End XCConfigurationList section */
	};
	rootObject = 700000000000000000000001 /* Project object */;
}
